
Microsoft Visual Studio Solution File, Format Version 12.00
# Visual Studio Version 17
VisualStudioVersion = 17.9.34701.34
MinimumVisualStudioVersion = 10.0.40219.1
Project("{FAE04EC0-301F-11D3-BF4B-00C04F79EFBC}") = "ApiTFG", "ApiTFG.csproj", "{D1D52E0A-E80B-49C0-B8A2-C01C41C5883C}"
EndProject
Global
	GlobalSection(SolutionConfigurationPlatforms) = preSolution
		Debug|Any CPU = Debug|Any CPU
		Release|Any CPU = Release|Any CPU
	EndGlobalSection
	GlobalSection(ProjectConfigurationPlatforms) = postSolution
		{D1D52E0A-E80B-49C0-B8A2-C01C41C5883C}.Debug|Any CPU.ActiveCfg = Debug|Any CPU
		{D1D52E0A-E80B-49C0-B8A2-C01C41C5883C}.Debug|Any CPU.Build.0 = Debug|Any CPU
		{D1D52E0A-E80B-49C0-B8A2-C01C41C5883C}.Release|Any CPU.ActiveCfg = Release|Any CPU
		{D1D52E0A-E80B-49C0-B8A2-C01C41C5883C}.Release|Any CPU.Build.0 = Release|Any CPU
	EndGlobalSection
	GlobalSection(SolutionProperties) = preSolution
		HideSolutionNode = FALSE
	EndGlobalSection
	GlobalSection(ExtensibilityGlobals) = postSolution
		SolutionGuid = {219ED4AD-BE9A-4533-AE5A-B5CEAFC1E9FA}
	EndGlobalSection
EndGlobal
